// !$*UTF8*$!
{
	archiveVersion = 1;
	classes = {
	};
	objectVersion = 51;
	objects = {

/* Begin PBXBuildFile section */
		AC960EF2EE31CCF4B7413AA8 /* Pods_LoLChampionsTests.framework in Frameworks */ = {isa = PBXBuildFile; fileRef = 6B47C0E475B77B56FBADF070 /* Pods_LoLChampionsTests.framework */; };
		C519D498727E9EFD8DCBE657 /* Pods_LoLChampions.framework in Frameworks */ = {isa = PBXBuildFile; fileRef = C48BF2E7518FC5819611B5DC /* Pods_LoLChampions.framework */; };
		F907629F23B3EC6E000C4465 /* ChampionsTableView.swift in Sources */ = {isa = PBXBuildFile; fileRef = F907629E23B3EC6E000C4465 /* ChampionsTableView.swift */; };
		F94FCE6D23B3F260006A25AD /* FakeChampion.swift in Sources */ = {isa = PBXBuildFile; fileRef = F94FCE6C23B3F260006A25AD /* FakeChampion.swift */; };
		F94FCE6F23B3F557006A25AD /* Champion.swift in Sources */ = {isa = PBXBuildFile; fileRef = F94FCE6E23B3F557006A25AD /* Champion.swift */; };
		F94FCE7123B3F8CD006A25AD /* ChampionLoader.swift in Sources */ = {isa = PBXBuildFile; fileRef = F94FCE7023B3F8CD006A25AD /* ChampionLoader.swift */; };
		F9714A9F23B3E7510083CCA4 /* AppDelegate.swift in Sources */ = {isa = PBXBuildFile; fileRef = F9714A9E23B3E7510083CCA4 /* AppDelegate.swift */; };
		F9714AA123B3E7510083CCA4 /* SceneDelegate.swift in Sources */ = {isa = PBXBuildFile; fileRef = F9714AA023B3E7510083CCA4 /* SceneDelegate.swift */; };
		F9714AA323B3E7510083CCA4 /* ChampionsViewController.swift in Sources */ = {isa = PBXBuildFile; fileRef = F9714AA223B3E7510083CCA4 /* ChampionsViewController.swift */; };
		F9714AA823B3E7520083CCA4 /* Assets.xcassets in Resources */ = {isa = PBXBuildFile; fileRef = F9714AA723B3E7520083CCA4 /* Assets.xcassets */; };
		F9714AAB23B3E7520083CCA4 /* LaunchScreen.storyboard in Resources */ = {isa = PBXBuildFile; fileRef = F9714AA923B3E7520083CCA4 /* LaunchScreen.storyboard */; };
		F9714AB623B3E7520083CCA4 /* LoLChampionsTests.swift in Sources */ = {isa = PBXBuildFile; fileRef = F9714AB523B3E7520083CCA4 /* LoLChampionsTests.swift */; };
/* End PBXBuildFile section */

/* Begin PBXContainerItemProxy section */
		F9714AB223B3E7520083CCA4 /* PBXContainerItemProxy */ = {
			isa = PBXContainerItemProxy;
			containerPortal = F9714A9323B3E7510083CCA4 /* Project object */;
			proxyType = 1;
			remoteGlobalIDString = F9714A9A23B3E7510083CCA4;
			remoteInfo = LoLChampions;
		};
/* End PBXContainerItemProxy section */

/* Begin PBXFileReference section */
		113EB9DAB388F89BA1A3A496 /* Pods-LoLChampionsTests.release.xcconfig */ = {isa = PBXFileReference; includeInIndex = 1; lastKnownFileType = text.xcconfig; name = "Pods-LoLChampionsTests.release.xcconfig"; path = "Target Support Files/Pods-LoLChampionsTests/Pods-LoLChampionsTests.release.xcconfig"; sourceTree = "<group>"; };
		160458B604CEE811C375477F /* Pods-LoLChampions.release.xcconfig */ = {isa = PBXFileReference; includeInIndex = 1; lastKnownFileType = text.xcconfig; name = "Pods-LoLChampions.release.xcconfig"; path = "Target Support Files/Pods-LoLChampions/Pods-LoLChampions.release.xcconfig"; sourceTree = "<group>"; };
		431511746D900DF7287781E6 /* Pods-LoLChampionsTests.debug.xcconfig */ = {isa = PBXFileReference; includeInIndex = 1; lastKnownFileType = text.xcconfig; name = "Pods-LoLChampionsTests.debug.xcconfig"; path = "Target Support Files/Pods-LoLChampionsTests/Pods-LoLChampionsTests.debug.xcconfig"; sourceTree = "<group>"; };
		5960F8BF0BCA9CDB6C366120 /* Pods-LoLChampions.debug.xcconfig */ = {isa = PBXFileReference; includeInIndex = 1; lastKnownFileType = text.xcconfig; name = "Pods-LoLChampions.debug.xcconfig"; path = "Target Support Files/Pods-LoLChampions/Pods-LoLChampions.debug.xcconfig"; sourceTree = "<group>"; };
		6B47C0E475B77B56FBADF070 /* Pods_LoLChampionsTests.framework */ = {isa = PBXFileReference; explicitFileType = wrapper.framework; includeInIndex = 0; path = Pods_LoLChampionsTests.framework; sourceTree = BUILT_PRODUCTS_DIR; };
		C48BF2E7518FC5819611B5DC /* Pods_LoLChampions.framework */ = {isa = PBXFileReference; explicitFileType = wrapper.framework; includeInIndex = 0; path = Pods_LoLChampions.framework; sourceTree = BUILT_PRODUCTS_DIR; };
		F907629E23B3EC6E000C4465 /* ChampionsTableView.swift */ = {isa = PBXFileReference; lastKnownFileType = sourcecode.swift; path = ChampionsTableView.swift; sourceTree = "<group>"; };
		F94FCE6C23B3F260006A25AD /* FakeChampion.swift */ = {isa = PBXFileReference; lastKnownFileType = sourcecode.swift; path = FakeChampion.swift; sourceTree = "<group>"; };
		F94FCE6E23B3F557006A25AD /* Champion.swift */ = {isa = PBXFileReference; lastKnownFileType = sourcecode.swift; path = Champion.swift; sourceTree = "<group>"; };
		F94FCE7023B3F8CD006A25AD /* ChampionLoader.swift */ = {isa = PBXFileReference; lastKnownFileType = sourcecode.swift; path = ChampionLoader.swift; sourceTree = "<group>"; };
		F9714A9B23B3E7510083CCA4 /* LoLChampions.app */ = {isa = PBXFileReference; explicitFileType = wrapper.application; includeInIndex = 0; path = LoLChampions.app; sourceTree = BUILT_PRODUCTS_DIR; };
		F9714A9E23B3E7510083CCA4 /* AppDelegate.swift */ = {isa = PBXFileReference; lastKnownFileType = sourcecode.swift; path = AppDelegate.swift; sourceTree = "<group>"; };
		F9714AA023B3E7510083CCA4 /* SceneDelegate.swift */ = {isa = PBXFileReference; lastKnownFileType = sourcecode.swift; path = SceneDelegate.swift; sourceTree = "<group>"; };
		F9714AA223B3E7510083CCA4 /* ChampionsViewController.swift */ = {isa = PBXFileReference; lastKnownFileType = sourcecode.swift; path = ChampionsViewController.swift; sourceTree = "<group>"; };
		F9714AA723B3E7520083CCA4 /* Assets.xcassets */ = {isa = PBXFileReference; lastKnownFileType = folder.assetcatalog; path = Assets.xcassets; sourceTree = "<group>"; };
		F9714AAA23B3E7520083CCA4 /* Base */ = {isa = PBXFileReference; lastKnownFileType = file.storyboard; name = Base; path = Base.lproj/LaunchScreen.storyboard; sourceTree = "<group>"; };
		F9714AAC23B3E7520083CCA4 /* Info.plist */ = {isa = PBXFileReference; lastKnownFileType = text.plist.xml; path = Info.plist; sourceTree = "<group>"; };
		F9714AB123B3E7520083CCA4 /* LoLChampionsTests.xctest */ = {isa = PBXFileReference; explicitFileType = wrapper.cfbundle; includeInIndex = 0; path = LoLChampionsTests.xctest; sourceTree = BUILT_PRODUCTS_DIR; };
		F9714AB523B3E7520083CCA4 /* LoLChampionsTests.swift */ = {isa = PBXFileReference; lastKnownFileType = sourcecode.swift; path = LoLChampionsTests.swift; sourceTree = "<group>"; };
		F9714AB723B3E7520083CCA4 /* Info.plist */ = {isa = PBXFileReference; lastKnownFileType = text.plist.xml; path = Info.plist; sourceTree = "<group>"; };
/* End PBXFileReference section */

/* Begin PBXFrameworksBuildPhase section */
		F9714A9823B3E7510083CCA4 /* Frameworks */ = {
			isa = PBXFrameworksBuildPhase;
			buildActionMask = 2147483647;
			files = (
				C519D498727E9EFD8DCBE657 /* Pods_LoLChampions.framework in Frameworks */,
			);
			runOnlyForDeploymentPostprocessing = 0;
		};
		F9714AAE23B3E7520083CCA4 /* Frameworks */ = {
			isa = PBXFrameworksBuildPhase;
			buildActionMask = 2147483647;
			files = (
				AC960EF2EE31CCF4B7413AA8 /* Pods_LoLChampionsTests.framework in Frameworks */,
			);
			runOnlyForDeploymentPostprocessing = 0;
		};
/* End PBXFrameworksBuildPhase section */

/* Begin PBXGroup section */
		1E4F53B793B21617ED93FF96 /* Frameworks */ = {
			isa = PBXGroup;
			children = (
				C48BF2E7518FC5819611B5DC /* Pods_LoLChampions.framework */,
				6B47C0E475B77B56FBADF070 /* Pods_LoLChampionsTests.framework */,
			);
			name = Frameworks;
			sourceTree = "<group>";
		};
		9010A807FB236D8A59848987 /* Pods */ = {
			isa = PBXGroup;
			children = (
				5960F8BF0BCA9CDB6C366120 /* Pods-LoLChampions.debug.xcconfig */,
				160458B604CEE811C375477F /* Pods-LoLChampions.release.xcconfig */,
				431511746D900DF7287781E6 /* Pods-LoLChampionsTests.debug.xcconfig */,
				113EB9DAB388F89BA1A3A496 /* Pods-LoLChampionsTests.release.xcconfig */,
			);
			path = Pods;
			sourceTree = "<group>";
		};
		F907629A23B3E979000C4465 /* Model */ = {
			isa = PBXGroup;
			children = (
				F94FCE6E23B3F557006A25AD /* Champion.swift */,
				F94FCE7023B3F8CD006A25AD /* ChampionLoader.swift */,
			);
			path = Model;
			sourceTree = "<group>";
		};
		F907629B23B3E97F000C4465 /* View */ = {
			isa = PBXGroup;
			children = (
				F907629E23B3EC6E000C4465 /* ChampionsTableView.swift */,
			);
			path = View;
			sourceTree = "<group>";
		};
		F907629C23B3E988000C4465 /* Controller */ = {
			isa = PBXGroup;
			children = (
				F9714A9E23B3E7510083CCA4 /* AppDelegate.swift */,
				F9714AA023B3E7510083CCA4 /* SceneDelegate.swift */,
				F9714AA223B3E7510083CCA4 /* ChampionsViewController.swift */,
			);
			path = Controller;
			sourceTree = "<group>";
		};
		F907629D23B3E99D000C4465 /* Utilities */ = {
			isa = PBXGroup;
			children = (
			);
			path = Utilities;
			sourceTree = "<group>";
		};
		F9714A9223B3E7510083CCA4 = {
			isa = PBXGroup;
			children = (
				F9714A9D23B3E7510083CCA4 /* LoLChampions */,
				F9714AB423B3E7520083CCA4 /* LoLChampionsTests */,
				F9714A9C23B3E7510083CCA4 /* Products */,
				9010A807FB236D8A59848987 /* Pods */,
				1E4F53B793B21617ED93FF96 /* Frameworks */,
			);
			sourceTree = "<group>";
		};
		F9714A9C23B3E7510083CCA4 /* Products */ = {
			isa = PBXGroup;
			children = (
				F9714A9B23B3E7510083CCA4 /* LoLChampions.app */,
				F9714AB123B3E7520083CCA4 /* LoLChampionsTests.xctest */,
			);
			name = Products;
			sourceTree = "<group>";
		};
		F9714A9D23B3E7510083CCA4 /* LoLChampions */ = {
			isa = PBXGroup;
			children = (
				F907629D23B3E99D000C4465 /* Utilities */,
				F907629C23B3E988000C4465 /* Controller */,
				F907629B23B3E97F000C4465 /* View */,
				F907629A23B3E979000C4465 /* Model */,
				F9714AA723B3E7520083CCA4 /* Assets.xcassets */,
				F9714AA923B3E7520083CCA4 /* LaunchScreen.storyboard */,
				F9714AAC23B3E7520083CCA4 /* Info.plist */,
			);
			path = LoLChampions;
			sourceTree = "<group>";
		};
		F9714AB423B3E7520083CCA4 /* LoLChampionsTests */ = {
			isa = PBXGroup;
			children = (
				F9714AB523B3E7520083CCA4 /* LoLChampionsTests.swift */,
				F94FCE6C23B3F260006A25AD /* FakeChampion.swift */,
				F9714AB723B3E7520083CCA4 /* Info.plist */,
			);
			path = LoLChampionsTests;
			sourceTree = "<group>";
		};
/* End PBXGroup section */

/* Begin PBXNativeTarget section */
		F9714A9A23B3E7510083CCA4 /* LoLChampions */ = {
			isa = PBXNativeTarget;
			buildConfigurationList = F9714ABA23B3E7520083CCA4 /* Build configuration list for PBXNativeTarget "LoLChampions" */;
			buildPhases = (
				56E3E90C2D5F1541D251322F /* [CP] Check Pods Manifest.lock */,
				F9714A9723B3E7510083CCA4 /* Sources */,
				F9714A9823B3E7510083CCA4 /* Frameworks */,
				F9714A9923B3E7510083CCA4 /* Resources */,
				602619DAF63881B47600ADA8 /* [CP] Embed Pods Frameworks */,
			);
			buildRules = (
			);
			dependencies = (
			);
			name = LoLChampions;
			productName = LoLChampions;
			productReference = F9714A9B23B3E7510083CCA4 /* LoLChampions.app */;
			productType = "com.apple.product-type.application";
		};
		F9714AB023B3E7520083CCA4 /* LoLChampionsTests */ = {
			isa = PBXNativeTarget;
			buildConfigurationList = F9714ABD23B3E7520083CCA4 /* Build configuration list for PBXNativeTarget "LoLChampionsTests" */;
			buildPhases = (
				D8B12096F1095DA1BF511A7D /* [CP] Check Pods Manifest.lock */,
				F9714AAD23B3E7520083CCA4 /* Sources */,
				F9714AAE23B3E7520083CCA4 /* Frameworks */,
				F9714AAF23B3E7520083CCA4 /* Resources */,
			);
			buildRules = (
			);
			dependencies = (
				F9714AB323B3E7520083CCA4 /* PBXTargetDependency */,
			);
			name = LoLChampionsTests;
			productName = LoLChampionsTests;
			productReference = F9714AB123B3E7520083CCA4 /* LoLChampionsTests.xctest */;
			productType = "com.apple.product-type.bundle.unit-test";
		};
/* End PBXNativeTarget section */

/* Begin PBXProject section */
		F9714A9323B3E7510083CCA4 /* Project object */ = {
			isa = PBXProject;
			attributes = {
				LastSwiftUpdateCheck = 1130;
				LastUpgradeCheck = 1130;
				ORGANIZATIONNAME = Karol;
				TargetAttributes = {
					F9714A9A23B3E7510083CCA4 = {
						CreatedOnToolsVersion = 11.3;
					};
					F9714AB023B3E7520083CCA4 = {
						CreatedOnToolsVersion = 11.3;
						TestTargetID = F9714A9A23B3E7510083CCA4;
					};
				};
			};
			buildConfigurationList = F9714A9623B3E7510083CCA4 /* Build configuration list for PBXProject "LoLChampions" */;
			compatibilityVersion = "Xcode 9.3";
			developmentRegion = en;
			hasScannedForEncodings = 0;
			knownRegions = (
				en,
				Base,
			);
			mainGroup = F9714A9223B3E7510083CCA4;
			productRefGroup = F9714A9C23B3E7510083CCA4 /* Products */;
			projectDirPath = "";
			projectRoot = "";
			targets = (
				F9714A9A23B3E7510083CCA4 /* LoLChampions */,
				F9714AB023B3E7520083CCA4 /* LoLChampionsTests */,
			);
		};
/* End PBXProject section */

/* Begin PBXResourcesBuildPhase section */
		F9714A9923B3E7510083CCA4 /* Resources */ = {
			isa = PBXResourcesBuildPhase;
			buildActionMask = 2147483647;
			files = (
				F9714AAB23B3E7520083CCA4 /* LaunchScreen.storyboard in Resources */,
				F9714AA823B3E7520083CCA4 /* Assets.xcassets in Resources */,
			);
			runOnlyForDeploymentPostprocessing = 0;
		};
		F9714AAF23B3E7520083CCA4 /* Resources */ = {
			isa = PBXResourcesBuildPhase;
			buildActionMask = 2147483647;
			files = (
			);
			runOnlyForDeploymentPostprocessing = 0;
		};
/* End PBXResourcesBuildPhase section */

/* Begin PBXShellScriptBuildPhase section */
		56E3E90C2D5F1541D251322F /* [CP] Check Pods Manifest.lock */ = {
			isa = PBXShellScriptBuildPhase;
			buildActionMask = 2147483647;
			files = (
			);
			inputFileListPaths = (
			);
			inputPaths = (
				"${PODS_PODFILE_DIR_PATH}/Podfile.lock",
				"${PODS_ROOT}/Manifest.lock",
			);
			name = "[CP] Check Pods Manifest.lock";
			outputFileListPaths = (
			);
			outputPaths = (
				"$(DERIVED_FILE_DIR)/Pods-LoLChampions-checkManifestLockResult.txt",
			);
			runOnlyForDeploymentPostprocessing = 0;
			shellPath = /bin/sh;
			shellScript = "diff \"${PODS_PODFILE_DIR_PATH}/Podfile.lock\" \"${PODS_ROOT}/Manifest.lock\" > /dev/null\nif [ $? != 0 ] ; then\n    # print error to STDERR\n    echo \"error: The sandbox is not in sync with the Podfile.lock. Run 'pod install' or update your CocoaPods installation.\" >&2\n    exit 1\nfi\n# This output is used by Xcode 'outputs' to avoid re-running this script phase.\necho \"SUCCESS\" > \"${SCRIPT_OUTPUT_FILE_0}\"\n";
			showEnvVarsInLog = 0;
		};
		602619DAF63881B47600ADA8 /* [CP] Embed Pods Frameworks */ = {
			isa = PBXShellScriptBuildPhase;
			buildActionMask = 2147483647;
			files = (
			);
			inputFileListPaths = (
				"${PODS_ROOT}/Target Support Files/Pods-LoLChampions/Pods-LoLChampions-frameworks-${CONFIGURATION}-input-files.xcfilelist",
			);
			name = "[CP] Embed Pods Frameworks";
			outputFileListPaths = (
				"${PODS_ROOT}/Target Support Files/Pods-LoLChampions/Pods-LoLChampions-frameworks-${CONFIGURATION}-output-files.xcfilelist",
			);
			runOnlyForDeploymentPostprocessing = 0;
			shellPath = /bin/sh;
			shellScript = "\"${PODS_ROOT}/Target Support Files/Pods-LoLChampions/Pods-LoLChampions-frameworks.sh\"\n";
			showEnvVarsInLog = 0;
		};
		D8B12096F1095DA1BF511A7D /* [CP] Check Pods Manifest.lock */ = {
			isa = PBXShellScriptBuildPhase;
			buildActionMask = 2147483647;
			files = (
			);
			inputFileListPaths = (
			);
			inputPaths = (
				"${PODS_PODFILE_DIR_PATH}/Podfile.lock",
				"${PODS_ROOT}/Manifest.lock",
			);
			name = "[CP] Check Pods Manifest.lock";
			outputFileListPaths = (
			);
			outputPaths = (
				"$(DERIVED_FILE_DIR)/Pods-LoLChampionsTests-checkManifestLockResult.txt",
			);
			runOnlyForDeploymentPostprocessing = 0;
			shellPath = /bin/sh;
			shellScript = "diff \"${PODS_PODFILE_DIR_PATH}/Podfile.lock\" \"${PODS_ROOT}/Manifest.lock\" > /dev/null\nif [ $? != 0 ] ; then\n    # print error to STDERR\n    echo \"error: The sandbox is not in sync with the Podfile.lock. Run 'pod install' or update your CocoaPods installation.\" >&2\n    exit 1\nfi\n# This output is used by Xcode 'outputs' to avoid re-running this script phase.\necho \"SUCCESS\" > \"${SCRIPT_OUTPUT_FILE_0}\"\n";
			showEnvVarsInLog = 0;
		};
/* End PBXShellScriptBuildPhase section */

/* Begin PBXSourcesBuildPhase section */
		F9714A9723B3E7510083CCA4 /* Sources */ = {
			isa = PBXSourcesBuildPhase;
			buildActionMask = 2147483647;
			files = (
				F94FCE6F23B3F557006A25AD /* Champion.swift in Sources */,
				F907629F23B3EC6E000C4465 /* ChampionsTableView.swift in Sources */,
				F9714AA323B3E7510083CCA4 /* ChampionsViewController.swift in Sources */,
				F94FCE7123B3F8CD006A25AD /* ChampionLoader.swift in Sources */,
				F9714A9F23B3E7510083CCA4 /* AppDelegate.swift in Sources */,
				F9714AA123B3E7510083CCA4 /* SceneDelegate.swift in Sources */,
			);
			runOnlyForDeploymentPostprocessing = 0;
		};
		F9714AAD23B3E7520083CCA4 /* Sources */ = {
			isa = PBXSourcesBuildPhase;
			buildActionMask = 2147483647;
			files = (
				F9714AB623B3E7520083CCA4 /* LoLChampionsTests.swift in Sources */,
				F94FCE6D23B3F260006A25AD /* FakeChampion.swift in Sources */,
			);
			runOnlyForDeploymentPostprocessing = 0;
		};
/* End PBXSourcesBuildPhase section */

/* Begin PBXTargetDependency section */
		F9714AB323B3E7520083CCA4 /* PBXTargetDependency */ = {
			isa = PBXTargetDependency;
			target = F9714A9A23B3E7510083CCA4 /* LoLChampions */;
			targetProxy = F9714AB223B3E7520083CCA4 /* PBXContainerItemProxy */;
		};
/* End PBXTargetDependency section */

/* Begin PBXVariantGroup section */
		F9714AA923B3E7520083CCA4 /* LaunchScreen.storyboard */ = {
			isa = PBXVariantGroup;
			children = (
				F9714AAA23B3E7520083CCA4 /* Base */,
			);
			name = LaunchScreen.storyboard;
			sourceTree = "<group>";
		};
/* End PBXVariantGroup section */

/* Begin XCBuildConfiguration section */
		F9714AB823B3E7520083CCA4 /* Debug */ = {
			isa = XCBuildConfiguration;
			buildSettings = {
				ALWAYS_SEARCH_USER_PATHS = NO;
				CLANG_ANALYZER_NONNULL = YES;
				CLANG_ANALYZER_NUMBER_OBJECT_CONVERSION = YES_AGGRESSIVE;
				CLANG_CXX_LANGUAGE_STANDARD = "gnu++14";
				CLANG_CXX_LIBRARY = "libc++";
				CLANG_ENABLE_MODULES = YES;
				CLANG_ENABLE_OBJC_ARC = YES;
				CLANG_ENABLE_OBJC_WEAK = YES;
				CLANG_WARN_BLOCK_CAPTURE_AUTORELEASING = YES;
				CLANG_WARN_BOOL_CONVERSION = YES;
				CLANG_WARN_COMMA = YES;
				CLANG_WARN_CONSTANT_CONVERSION = YES;
				CLANG_WARN_DEPRECATED_OBJC_IMPLEMENTATIONS = YES;
				CLANG_WARN_DIRECT_OBJC_ISA_USAGE = YES_ERROR;
				CLANG_WARN_DOCUMENTATION_COMMENTS = YES;
				CLANG_WARN_EMPTY_BODY = YES;
				CLANG_WARN_ENUM_CONVERSION = YES;
				CLANG_WARN_INFINITE_RECURSION = YES;
				CLANG_WARN_INT_CONVERSION = YES;
				CLANG_WARN_NON_LITERAL_NULL_CONVERSION = YES;
				CLANG_WARN_OBJC_IMPLICIT_RETAIN_SELF = YES;
				CLANG_WARN_OBJC_LITERAL_CONVERSION = YES;
				CLANG_WARN_OBJC_ROOT_CLASS = YES_ERROR;
				CLANG_WARN_RANGE_LOOP_ANALYSIS = YES;
				CLANG_WARN_STRICT_PROTOTYPES = YES;
				CLANG_WARN_SUSPICIOUS_MOVE = YES;
				CLANG_WARN_UNGUARDED_AVAILABILITY = YES_AGGRESSIVE;
				CLANG_WARN_UNREACHABLE_CODE = YES;
				CLANG_WARN__DUPLICATE_METHOD_MATCH = YES;
				COPY_PHASE_STRIP = NO;
				DEBUG_INFORMATION_FORMAT = dwarf;
				ENABLE_STRICT_OBJC_MSGSEND = YES;
				ENABLE_TESTABILITY = YES;
				GCC_C_LANGUAGE_STANDARD = gnu11;
				GCC_DYNAMIC_NO_PIC = NO;
				GCC_NO_COMMON_BLOCKS = YES;
				GCC_OPTIMIZATION_LEVEL = 0;
				GCC_PREPROCESSOR_DEFINITIONS = (
					"DEBUG=1",
					"$(inherited)",
				);
				GCC_WARN_64_TO_32_BIT_CONVERSION = YES;
				GCC_WARN_ABOUT_RETURN_TYPE = YES_ERROR;
				GCC_WARN_UNDECLARED_SELECTOR = YES;
				GCC_WARN_UNINITIALIZED_AUTOS = YES_AGGRESSIVE;
				GCC_WARN_UNUSED_FUNCTION = YES;
				GCC_WARN_UNUSED_VARIABLE = YES;
				IPHONEOS_DEPLOYMENT_TARGET = 13.2;
				MTL_ENABLE_DEBUG_INFO = INCLUDE_SOURCE;
				MTL_FAST_MATH = YES;
				ONLY_ACTIVE_ARCH = YES;
				SDKROOT = iphoneos;
				SWIFT_ACTIVE_COMPILATION_CONDITIONS = DEBUG;
				SWIFT_OPTIMIZATION_LEVEL = "-Onone";
			};
			name = Debug;
		};
		F9714AB923B3E7520083CCA4 /* Release */ = {
			isa = XCBuildConfiguration;
			buildSettings = {
				ALWAYS_SEARCH_USER_PATHS = NO;
				CLANG_ANALYZER_NONNULL = YES;
				CLANG_ANALYZER_NUMBER_OBJECT_CONVERSION = YES_AGGRESSIVE;
				CLANG_CXX_LANGUAGE_STANDARD = "gnu++14";
				CLANG_CXX_LIBRARY = "libc++";
				CLANG_ENABLE_MODULES = YES;
				CLANG_ENABLE_OBJC_ARC = YES;
				CLANG_ENABLE_OBJC_WEAK = YES;
				CLANG_WARN_BLOCK_CAPTURE_AUTORELEASING = YES;
				CLANG_WARN_BOOL_CONVERSION = YES;
				CLANG_WARN_COMMA = YES;
				CLANG_WARN_CONSTANT_CONVERSION = YES;
				CLANG_WARN_DEPRECATED_OBJC_IMPLEMENTATIONS = YES;
				CLANG_WARN_DIRECT_OBJC_ISA_USAGE = YES_ERROR;
				CLANG_WARN_DOCUMENTATION_COMMENTS = YES;
				CLANG_WARN_EMPTY_BODY = YES;
				CLANG_WARN_ENUM_CONVERSION = YES;
				CLANG_WARN_INFINITE_RECURSION = YES;
				CLANG_WARN_INT_CONVERSION = YES;
				CLANG_WARN_NON_LITERAL_NULL_CONVERSION = YES;
				CLANG_WARN_OBJC_IMPLICIT_RETAIN_SELF = YES;
				CLANG_WARN_OBJC_LITERAL_CONVERSION = YES;
				CLANG_WARN_OBJC_ROOT_CLASS = YES_ERROR;
				CLANG_WARN_RANGE_LOOP_ANALYSIS = YES;
				CLANG_WARN_STRICT_PROTOTYPES = YES;
				CLANG_WARN_SUSPICIOUS_MOVE = YES;
				CLANG_WARN_UNGUARDED_AVAILABILITY = YES_AGGRESSIVE;
				CLANG_WARN_UNREACHABLE_CODE = YES;
				CLANG_WARN__DUPLICATE_METHOD_MATCH = YES;
				COPY_PHASE_STRIP = NO;
				DEBUG_INFORMATION_FORMAT = "dwarf-with-dsym";
				ENABLE_NS_ASSERTIONS = NO;
				ENABLE_STRICT_OBJC_MSGSEND = YES;
				GCC_C_LANGUAGE_STANDARD = gnu11;
				GCC_NO_COMMON_BLOCKS = YES;
				GCC_WARN_64_TO_32_BIT_CONVERSION = YES;
				GCC_WARN_ABOUT_RETURN_TYPE = YES_ERROR;
				GCC_WARN_UNDECLARED_SELECTOR = YES;
				GCC_WARN_UNINITIALIZED_AUTOS = YES_AGGRESSIVE;
				GCC_WARN_UNUSED_FUNCTION = YES;
				GCC_WARN_UNUSED_VARIABLE = YES;
				IPHONEOS_DEPLOYMENT_TARGET = 13.2;
				MTL_ENABLE_DEBUG_INFO = NO;
				MTL_FAST_MATH = YES;
				SDKROOT = iphoneos;
				SWIFT_COMPILATION_MODE = wholemodule;
				SWIFT_OPTIMIZATION_LEVEL = "-O";
				VALIDATE_PRODUCT = YES;
			};
			name = Release;
		};
		F9714ABB23B3E7520083CCA4 /* Debug */ = {
			isa = XCBuildConfiguration;
			baseConfigurationReference = 5960F8BF0BCA9CDB6C366120 /* Pods-LoLChampions.debug.xcconfig */;
			buildSettings = {
				ASSETCATALOG_COMPILER_APPICON_NAME = AppIcon;
				CODE_SIGN_STYLE = Automatic;
				DEVELOPMENT_TEAM = 24C92L3HM3;
				INFOPLIST_FILE = LoLChampions/Info.plist;
				LD_RUNPATH_SEARCH_PATHS = (
					"$(inherited)",
					"@executable_path/Frameworks",
				);
				PRODUCT_BUNDLE_IDENTIFIER = struna.LoLChampions;
				PRODUCT_NAME = "$(TARGET_NAME)";
				SWIFT_VERSION = 5.0;
				TARGETED_DEVICE_FAMILY = "1,2";
			};
			name = Debug;
		};
		F9714ABC23B3E7520083CCA4 /* Release */ = {
			isa = XCBuildConfiguration;
			baseConfigurationReference = 160458B604CEE811C375477F /* Pods-LoLChampions.release.xcconfig */;
			buildSettings = {
				ASSETCATALOG_COMPILER_APPICON_NAME = AppIcon;
				CODE_SIGN_STYLE = Automatic;
				DEVELOPMENT_TEAM = 24C92L3HM3;
				INFOPLIST_FILE = LoLChampions/Info.plist;
				LD_RUNPATH_SEARCH_PATHS = (
					"$(inherited)",
					"@executable_path/Frameworks",
				);
				PRODUCT_BUNDLE_IDENTIFIER = struna.LoLChampions;
				PRODUCT_NAME = "$(TARGET_NAME)";
				SWIFT_VERSION = 5.0;
				TARGETED_DEVICE_FAMILY = "1,2";
			};
			name = Release;
		};
		F9714ABE23B3E7520083CCA4 /* Debug */ = {
			isa = XCBuildConfiguration;
			baseConfigurationReference = 431511746D900DF7287781E6 /* Pods-LoLChampionsTests.debug.xcconfig */;
			buildSettings = {
				ALWAYS_EMBED_SWIFT_STANDARD_LIBRARIES = YES;
				BUNDLE_LOADER = "$(TEST_HOST)";
				CODE_SIGN_STYLE = Automatic;
				DEVELOPMENT_TEAM = 24C92L3HM3;
				INFOPLIST_FILE = LoLChampionsTests/Info.plist;
				IPHONEOS_DEPLOYMENT_TARGET = 13.2;
				LD_RUNPATH_SEARCH_PATHS = (
					"$(inherited)",
					"@executable_path/Frameworks",
					"@loader_path/Frameworks",
				);
				PRODUCT_BUNDLE_IDENTIFIER = struna.LoLChampionsTests;
				PRODUCT_NAME = "$(TARGET_NAME)";
				SWIFT_VERSION = 5.0;
				TARGETED_DEVICE_FAMILY = "1,2";
				TEST_HOST = "$(BUILT_PRODUCTS_DIR)/LoLChampions.app/LoLChampions";
			};
			name = Debug;
		};
		F9714ABF23B3E7520083CCA4 /* Release */ = {
			isa = XCBuildConfiguration;
			baseConfigurationReference = 113EB9DAB388F89BA1A3A496 /* Pods-LoLChampionsTests.release.xcconfig */;
			buildSettings = {
				ALWAYS_EMBED_SWIFT_STANDARD_LIBRARIES = YES;
				BUNDLE_LOADER = "$(TEST_HOST)";
				CODE_SIGN_STYLE = Automatic;
				DEVELOPMENT_TEAM = 24C92L3HM3;
				INFOPLIST_FILE = LoLChampionsTests/Info.plist;
				IPHONEOS_DEPLOYMENT_TARGET = 13.2;
				LD_RUNPATH_SEARCH_PATHS = (
					"$(inherited)",
					"@executable_path/Frameworks",
					"@loader_path/Frameworks",
				);
				PRODUCT_BUNDLE_IDENTIFIER = struna.LoLChampionsTests;
				PRODUCT_NAME = "$(TARGET_NAME)";
				SWIFT_VERSION = 5.0;
				TARGETED_DEVICE_FAMILY = "1,2";
				TEST_HOST = "$(BUILT_PRODUCTS_DIR)/LoLChampions.app/LoLChampions";
			};
			name = Release;
		};
/* End XCBuildConfiguration section */

/* Begin XCConfigurationList section */
		F9714A9623B3E7510083CCA4 /* Build configuration list for PBXProject "LoLChampions" */ = {
			isa = XCConfigurationList;
			buildConfigurations = (
				F9714AB823B3E7520083CCA4 /* Debug */,
				F9714AB923B3E7520083CCA4 /* Release */,
			);
			defaultConfigurationIsVisible = 0;
			defaultConfigurationName = Release;
		};
		F9714ABA23B3E7520083CCA4 /* Build configuration list for PBXNativeTarget "LoLChampions" */ = {
			isa = XCConfigurationList;
			buildConfigurations = (
				F9714ABB23B3E7520083CCA4 /* Debug */,
				F9714ABC23B3E7520083CCA4 /* Release */,
			);
			defaultConfigurationIsVisible = 0;
			defaultConfigurationName = Release;
		};
		F9714ABD23B3E7520083CCA4 /* Build configuration list for PBXNativeTarget "LoLChampionsTests" */ = {
			isa = XCConfigurationList;
			buildConfigurations = (
				F9714ABE23B3E7520083CCA4 /* Debug */,
				F9714ABF23B3E7520083CCA4 /* Release */,
			);
			defaultConfigurationIsVisible = 0;
			defaultConfigurationName = Release;
		};
/* End XCConfigurationList section */
	};
	rootObject = F9714A9323B3E7510083CCA4 /* Project object */;
}
